
Microsoft Visual Studio Solution File, Format Version 12.00
# Visual Studio Version 17
VisualStudioVersion = 17.2.32505.173
MinimumVisualStudioVersion = 10.0.40219.1
Project("{FAE04EC0-301F-11D3-BF4B-00C04F79EFBC}") = "Forme", "Forme.csproj", "{EF2D509D-9C3B-4222-9C2A-54EEE68E6CEA}"
EndProject
Global
	GlobalSection(SolutionConfigurationPlatforms) = preSolution
		Debug|Any CPU = Debug|Any CPU
		Release|Any CPU = Release|Any CPU
	EndGlobalSection
	GlobalSection(ProjectConfigurationPlatforms) = postSolution
		{EF2D509D-9C3B-4222-9C2A-54EEE68E6CEA}.Debug|Any CPU.ActiveCfg = Debug|Any CPU
		{EF2D509D-9C3B-4222-9C2A-54EEE68E6CEA}.Debug|Any CPU.Build.0 = Debug|Any CPU
		{EF2D509D-9C3B-4222-9C2A-54EEE68E6CEA}.Release|Any CPU.ActiveCfg = Release|Any CPU
		{EF2D509D-9C3B-4222-9C2A-54EEE68E6CEA}.Release|Any CPU.Build.0 = Release|Any CPU
	EndGlobalSection
	GlobalSection(SolutionProperties) = preSolution
		HideSolutionNode = FALSE
	EndGlobalSection
	GlobalSection(ExtensibilityGlobals) = postSolution
		SolutionGuid = {C3326CCA-AF6F-4237-87A7-33C3991397A6}
	EndGlobalSection
EndGlobal
