
Microsoft Visual Studio Solution File, Format Version 12.00
# Visual Studio Version 17
VisualStudioVersion = 17.2.32505.173
MinimumVisualStudioVersion = 10.0.40219.1
Project("{FAE04EC0-301F-11D3-BF4B-00C04F79EFBC}") = "Početna stranica", "Početna stranica\Početna stranica.csproj", "{DC39CFFC-71C2-4EC1-85FC-D0A051887500}"
EndProject
Global
	GlobalSection(SolutionConfigurationPlatforms) = preSolution
		Debug|Any CPU = Debug|Any CPU
		Release|Any CPU = Release|Any CPU
	EndGlobalSection
	GlobalSection(ProjectConfigurationPlatforms) = postSolution
		{DC39CFFC-71C2-4EC1-85FC-D0A051887500}.Debug|Any CPU.ActiveCfg = Debug|Any CPU
		{DC39CFFC-71C2-4EC1-85FC-D0A051887500}.Debug|Any CPU.Build.0 = Debug|Any CPU
		{DC39CFFC-71C2-4EC1-85FC-D0A051887500}.Release|Any CPU.ActiveCfg = Release|Any CPU
		{DC39CFFC-71C2-4EC1-85FC-D0A051887500}.Release|Any CPU.Build.0 = Release|Any CPU
	EndGlobalSection
	GlobalSection(SolutionProperties) = preSolution
		HideSolutionNode = FALSE
	EndGlobalSection
	GlobalSection(ExtensibilityGlobals) = postSolution
		SolutionGuid = {72CB09CA-58B1-4D13-9F0D-04292A0050B6}
	EndGlobalSection
EndGlobal
